// !$*UTF8*$!
{
	archiveVersion = 1;
	classes = {
	};
	objectVersion = 50;
	objects = {

/* Begin PBXGroup section */
		B34F01C322A300D800AE50E9 = {
			isa = PBXGroup;
			children = (
			);
			sourceTree = "<group>";
		};
/* End PBXGroup section */

/* Begin PBXProject section */
		B34F01C422A300D800AE50E9 /* Project object */ = {
			isa = PBXProject;
			attributes = {
				LastSwiftUpdateCheck = 1020;
				LastUpgradeCheck = 1020;
			};
			buildConfigurationList = B34F01C722A300D800AE50E9 /* Build configuration list for PBXProject "therbe" */;
			compatibilityVersion = "Xcode 9.3";
			developmentRegion = en;
			hasScannedForEncodings = 0;
			knownRegions = (
				en,
				Base,
			);
			mainGroup = B34F01C322A300D800AE50E9;
			productRefGroup = B34F01C322A300D800AE50E9;
			projectDirPath = "";
			projectRoot = "";
			targets = (
			);
		};
/* End PBXProject section */

/* Begin XCBuildConfiguration section */
		B34F01C822A300D800AE50E9 /* Debug */ = {
			isa = XCBuildConfiguration;
			buildSettings = {
			};
			name = Debug;
		};
		B34F01C922A300D800AE50E9 /* Release */ = {
			isa = XCBuildConfiguration;
			buildSettings = {
			};
			name = Release;
		};
/* End XCBuildConfiguration section */

/* Begin XCConfigurationList section */
		B34F01C722A300D800AE50E9 /* Build configuration list for PBXProject "therbe" */ = {
			isa = XCConfigurationList;
			buildConfigurations = (
				B34F01C822A300D800AE50E9 /* Debug */,
				B34F01C922A300D800AE50E9 /* Release */,
			);
			defaultConfigurationIsVisible = 0;
			defaultConfigurationName = Release;
		};
/* End XCConfigurationList section */
	};
	rootObject = B34F01C422A300D800AE50E9 /* Project object */;
}
